
Microsoft Visual Studio Solution File, Format Version 12.00
# Visual Studio Version 17
VisualStudioVersion = 17.7.34031.279
MinimumVisualStudioVersion = 10.0.40219.1
Project("{8BC9CEB8-8B4A-11D0-8D11-00A0C91BC942}") = "school werk", "school werk\school werk.vcxproj", "{0BEBA1F8-FE10-41FF-B2E5-A0022CA9ABEB}"
EndProject
Global
	GlobalSection(SolutionConfigurationPlatforms) = preSolution
		Debug|x64 = Debug|x64
		Debug|x86 = Debug|x86
		Release|x64 = Release|x64
		Release|x86 = Release|x86
	EndGlobalSection
	GlobalSection(ProjectConfigurationPlatforms) = postSolution
		{0BEBA1F8-FE10-41FF-B2E5-A0022CA9ABEB}.Debug|x64.ActiveCfg = Debug|x64
		{0BEBA1F8-FE10-41FF-B2E5-A0022CA9ABEB}.Debug|x64.Build.0 = Debug|x64
		{0BEBA1F8-FE10-41FF-B2E5-A0022CA9ABEB}.Debug|x86.ActiveCfg = Debug|Win32
		{0BEBA1F8-FE10-41FF-B2E5-A0022CA9ABEB}.Debug|x86.Build.0 = Debug|Win32
		{0BEBA1F8-FE10-41FF-B2E5-A0022CA9ABEB}.Release|x64.ActiveCfg = Release|x64
		{0BEBA1F8-FE10-41FF-B2E5-A0022CA9ABEB}.Release|x64.Build.0 = Release|x64
		{0BEBA1F8-FE10-41FF-B2E5-A0022CA9ABEB}.Release|x86.ActiveCfg = Release|Win32
		{0BEBA1F8-FE10-41FF-B2E5-A0022CA9ABEB}.Release|x86.Build.0 = Release|Win32
	EndGlobalSection
	GlobalSection(SolutionProperties) = preSolution
		HideSolutionNode = FALSE
	EndGlobalSection
	GlobalSection(ExtensibilityGlobals) = postSolution
		SolutionGuid = {E5259EF9-5217-4A46-998A-25AA70C774B8}
	EndGlobalSection
EndGlobal
